
Microsoft Visual Studio Solution File, Format Version 12.00
# Visual Studio Version 17
VisualStudioVersion = 17.13.35919.96 d17.13
MinimumVisualStudioVersion = 10.0.40219.1
Project("{FAE04EC0-301F-11D3-BF4B-00C04F79EFBC}") = "Ejercicio1", "Ejercicio1\Ejercicio1.csproj", "{3990264C-71BC-43B4-916E-0F76883E3B7A}"
EndProject
Project("{FAE04EC0-301F-11D3-BF4B-00C04F79EFBC}") = "Ejercicio2", "Ejercicio2\Ejercicio2.csproj", "{29755C04-ACC3-4111-8F7F-90FC30DCD0F3}"
EndProject
Project("{FAE04EC0-301F-11D3-BF4B-00C04F79EFBC}") = "Ejercicio3", "Ejercicio3\Ejercicio3.csproj", "{C54B30CA-24E2-43B0-8AC2-E3B816913934}"
EndProject
Global
	GlobalSection(SolutionConfigurationPlatforms) = preSolution
		Debug|Any CPU = Debug|Any CPU
		Release|Any CPU = Release|Any CPU
	EndGlobalSection
	GlobalSection(ProjectConfigurationPlatforms) = postSolution
		{3990264C-71BC-43B4-916E-0F76883E3B7A}.Debug|Any CPU.ActiveCfg = Debug|Any CPU
		{3990264C-71BC-43B4-916E-0F76883E3B7A}.Debug|Any CPU.Build.0 = Debug|Any CPU
		{3990264C-71BC-43B4-916E-0F76883E3B7A}.Release|Any CPU.ActiveCfg = Release|Any CPU
		{3990264C-71BC-43B4-916E-0F76883E3B7A}.Release|Any CPU.Build.0 = Release|Any CPU
		{29755C04-ACC3-4111-8F7F-90FC30DCD0F3}.Debug|Any CPU.ActiveCfg = Debug|Any CPU
		{29755C04-ACC3-4111-8F7F-90FC30DCD0F3}.Debug|Any CPU.Build.0 = Debug|Any CPU
		{29755C04-ACC3-4111-8F7F-90FC30DCD0F3}.Release|Any CPU.ActiveCfg = Release|Any CPU
		{29755C04-ACC3-4111-8F7F-90FC30DCD0F3}.Release|Any CPU.Build.0 = Release|Any CPU
		{C54B30CA-24E2-43B0-8AC2-E3B816913934}.Debug|Any CPU.ActiveCfg = Debug|Any CPU
		{C54B30CA-24E2-43B0-8AC2-E3B816913934}.Debug|Any CPU.Build.0 = Debug|Any CPU
		{C54B30CA-24E2-43B0-8AC2-E3B816913934}.Release|Any CPU.ActiveCfg = Release|Any CPU
		{C54B30CA-24E2-43B0-8AC2-E3B816913934}.Release|Any CPU.Build.0 = Release|Any CPU
	EndGlobalSection
	GlobalSection(SolutionProperties) = preSolution
		HideSolutionNode = FALSE
	EndGlobalSection
	GlobalSection(ExtensibilityGlobals) = postSolution
		SolutionGuid = {2CB9C070-DCB1-4A44-AD2A-57640EB96AB7}
	EndGlobalSection
EndGlobal
